
Microsoft Visual Studio Solution File, Format Version 12.00
# Visual Studio Version 17
VisualStudioVersion = 17.10.35027.167
MinimumVisualStudioVersion = 10.0.40219.1
Project("{FAE04EC0-301F-11D3-BF4B-00C04F79EFBC}") = "VotingSystemRecreation", "VotingSystemRecreation.csproj", "{AA8B856D-34B8-49EB-B73D-B716C6E84178}"
EndProject
Global
	GlobalSection(SolutionConfigurationPlatforms) = preSolution
		Debug|Any CPU = Debug|Any CPU
		Release|Any CPU = Release|Any CPU
	EndGlobalSection
	GlobalSection(ProjectConfigurationPlatforms) = postSolution
		{AA8B856D-34B8-49EB-B73D-B716C6E84178}.Debug|Any CPU.ActiveCfg = Debug|Any CPU
		{AA8B856D-34B8-49EB-B73D-B716C6E84178}.Debug|Any CPU.Build.0 = Debug|Any CPU
		{AA8B856D-34B8-49EB-B73D-B716C6E84178}.Release|Any CPU.ActiveCfg = Release|Any CPU
		{AA8B856D-34B8-49EB-B73D-B716C6E84178}.Release|Any CPU.Build.0 = Release|Any CPU
	EndGlobalSection
	GlobalSection(SolutionProperties) = preSolution
		HideSolutionNode = FALSE
	EndGlobalSection
	GlobalSection(ExtensibilityGlobals) = postSolution
		SolutionGuid = {83C52821-341A-46B1-A218-2417F8C56D6A}
	EndGlobalSection
EndGlobal
